
Microsoft Visual Studio Solution File, Format Version 12.00
# Visual Studio Version 17
VisualStudioVersion = 17.0.31903.59
MinimumVisualStudioVersion = 10.0.40219.1
Project("{FAE04EC0-301F-11D3-BF4B-00C04F79EFBC}") = "API", "API\API.csproj", "{4B641FFD-B891-4927-84EB-2EE4281CD212}"
EndProject
Project("{FAE04EC0-301F-11D3-BF4B-00C04F79EFBC}") = "Application", "Application\Application.csproj", "{30C3CAD6-E2F9-4167-893C-5F0DE8C68002}"
EndProject
Project("{FAE04EC0-301F-11D3-BF4B-00C04F79EFBC}") = "Domain", "Domain\Domain.csproj", "{503B3B44-53DC-4C3C-9388-0564C32BCD1C}"
EndProject
Project("{FAE04EC0-301F-11D3-BF4B-00C04F79EFBC}") = "Persistence", "Persistence\Persistence.csproj", "{A2FB9759-34B4-49F5-B6BB-B9BC84D18F89}"
EndProject
Global
	GlobalSection(SolutionConfigurationPlatforms) = preSolution
		Debug|Any CPU = Debug|Any CPU
		Release|Any CPU = Release|Any CPU
	EndGlobalSection
	GlobalSection(SolutionProperties) = preSolution
		HideSolutionNode = FALSE
	EndGlobalSection
	GlobalSection(ProjectConfigurationPlatforms) = postSolution
		{4B641FFD-B891-4927-84EB-2EE4281CD212}.Debug|Any CPU.ActiveCfg = Debug|Any CPU
		{4B641FFD-B891-4927-84EB-2EE4281CD212}.Debug|Any CPU.Build.0 = Debug|Any CPU
		{4B641FFD-B891-4927-84EB-2EE4281CD212}.Release|Any CPU.ActiveCfg = Release|Any CPU
		{4B641FFD-B891-4927-84EB-2EE4281CD212}.Release|Any CPU.Build.0 = Release|Any CPU
		{30C3CAD6-E2F9-4167-893C-5F0DE8C68002}.Debug|Any CPU.ActiveCfg = Debug|Any CPU
		{30C3CAD6-E2F9-4167-893C-5F0DE8C68002}.Debug|Any CPU.Build.0 = Debug|Any CPU
		{30C3CAD6-E2F9-4167-893C-5F0DE8C68002}.Release|Any CPU.ActiveCfg = Release|Any CPU
		{30C3CAD6-E2F9-4167-893C-5F0DE8C68002}.Release|Any CPU.Build.0 = Release|Any CPU
		{503B3B44-53DC-4C3C-9388-0564C32BCD1C}.Debug|Any CPU.ActiveCfg = Debug|Any CPU
		{503B3B44-53DC-4C3C-9388-0564C32BCD1C}.Debug|Any CPU.Build.0 = Debug|Any CPU
		{503B3B44-53DC-4C3C-9388-0564C32BCD1C}.Release|Any CPU.ActiveCfg = Release|Any CPU
		{503B3B44-53DC-4C3C-9388-0564C32BCD1C}.Release|Any CPU.Build.0 = Release|Any CPU
		{A2FB9759-34B4-49F5-B6BB-B9BC84D18F89}.Debug|Any CPU.ActiveCfg = Debug|Any CPU
		{A2FB9759-34B4-49F5-B6BB-B9BC84D18F89}.Debug|Any CPU.Build.0 = Debug|Any CPU
		{A2FB9759-34B4-49F5-B6BB-B9BC84D18F89}.Release|Any CPU.ActiveCfg = Release|Any CPU
		{A2FB9759-34B4-49F5-B6BB-B9BC84D18F89}.Release|Any CPU.Build.0 = Release|Any CPU
	EndGlobalSection
EndGlobal
